{
  "name": "pi-extensions",
  "lockfileVersion": 3,
  "requires": true,
  "packages": {
    "": {
      "name": "pi-extensions",
      "dependencies": {
        "@earendil-works/gondolin": "0.12.0"
      }
    },
    "node_modules/@cto.af/wtf8": {
      "version": "0.0.5",
      "resolved": "https://registry.npmjs.org/@cto.af/wtf8/-/wtf8-0.0.5.tgz",
      "integrity": "sha512-LfUFi+Vv4eDzj+XAtR89e3wwjXA/NZjUSwU5NhwbBrLecxPaBYFy3exCuc1j+D4UZeOVdqlsl8G7LmOt18V0tg==",
      "license": "MIT",
      "engines": {
        "node": ">=20"
      }
    },
    "node_modules/@earendil-works/gondolin": {
      "version": "0.12.0",
      "resolved": "https://registry.npmjs.org/@earendil-works/gondolin/-/gondolin-0.12.0.tgz",
      "integrity": "sha512-BXbvzQKb5QmxY5NtthRDONJTu7+IDKbzqWGrJyyNXMP7N681Tx0Q9TK8pK1ba8nUvYQTipNJyGZOsJfYiZll1A==",
      "license": "Apache-2.0",
      "dependencies": {
        "cbor2": "^2.3.0",
        "node-forge": "^1.3.3",
        "ssh2": "^1.17.0",
        "undici": "^6.21.0"
      },
      "bin": {
        "gondolin": "dist/bin/gondolin.js"
      },
      "engines": {
        "node": ">=23.6.0"
      },
      "optionalDependencies": {
        "@earendil-works/gondolin-krun-runner-darwin-arm64": "0.12.0",
        "@earendil-works/gondolin-krun-runner-linux-x64": "0.12.0"
      }
    },
    "node_modules/@earendil-works/gondolin-krun-runner-darwin-arm64": {
      "version": "0.12.0",
      "resolved": "https://registry.npmjs.org/@earendil-works/gondolin-krun-runner-darwin-arm64/-/gondolin-krun-runner-darwin-arm64-0.12.0.tgz",
      "integrity": "sha512-ftDlusht4PcT7Y3TuPrZIKrCXy3isiBTVMvlXYK0pcud2uXY6uwFTGeunYgP+8ND/60ddb+MImqbfmkcK8B84A==",
      "cpu": [
        "arm64"
      ],
      "license": "Apache-2.0",
      "optional": true,
      "os": [
        "darwin"
      ],
      "bin": {
        "gondolin-krun-runner": "bin/gondolin-krun-runner"
      }
    },
    "node_modules/@earendil-works/gondolin-krun-runner-linux-x64": {
      "version": "0.12.0",
      "resolved": "https://registry.npmjs.org/@earendil-works/gondolin-krun-runner-linux-x64/-/gondolin-krun-runner-linux-x64-0.12.0.tgz",
      "integrity": "sha512-RRYsgwe2r5ApKmFNy469QgwnyjAHpAs9XANdWpTd9ol4iUYOY3sX7e0xIooAKxd+ktxGI4N/xRWicwGen3D/Ow==",
      "cpu": [
        "x64"
      ],
      "license": "Apache-2.0",
      "optional": true,
      "os": [
        "linux"
      ],
      "bin": {
        "gondolin-krun-runner": "bin/gondolin-krun-runner"
      }
    },
    "node_modules/asn1": {
      "version": "0.2.6",
      "resolved": "https://registry.npmjs.org/asn1/-/asn1-0.2.6.tgz",
      "integrity": "sha512-ix/FxPn0MDjeyJ7i/yoHGFt/EX6LyNbxSEhPPXODPL+KB0VPk86UYfL0lMdy+KCnv+fmvIzySwaK5COwqVbWTQ==",
      "license": "MIT",
      "dependencies": {
        "safer-buffer": "~2.1.0"
      }
    },
    "node_modules/bcrypt-pbkdf": {
      "version": "1.0.2",
      "resolved": "https://registry.npmjs.org/bcrypt-pbkdf/-/bcrypt-pbkdf-1.0.2.tgz",
      "integrity": "sha512-qeFIXtP4MSoi6NLqO12WfqARWWuCKi2Rn/9hJLEmtB5yTNr9DqFWkJRCf2qShWzPeAMRnOgCrq0sg/KLv5ES9w==",
      "license": "BSD-3-Clause",
      "dependencies": {
        "tweetnacl": "^0.14.3"
      }
    },
    "node_modules/buildcheck": {
      "version": "0.0.7",
      "resolved": "https://registry.npmjs.org/buildcheck/-/buildcheck-0.0.7.tgz",
      "integrity": "sha512-lHblz4ahamxpTmnsk+MNTRWsjYKv965MwOrSJyeD588rR3Jcu7swE+0wN5F+PbL5cjgu/9ObkhfzEPuofEMwLA==",
      "optional": true,
      "engines": {
        "node": ">=10.0.0"
      }
    },
    "node_modules/cbor2": {
      "version": "2.3.0",
      "resolved": "https://registry.npmjs.org/cbor2/-/cbor2-2.3.0.tgz",
      "integrity": "sha512-76WB3hq8BoaGkMkBVJ27fW5LJU+qqDLEpgRNCG/SYKhODWXpVPOTD4UcUto3IEzYLA52nsvbhb0wabhHDn3qXg==",
      "license": "MIT",
      "dependencies": {
        "@cto.af/wtf8": "0.0.5"
      },
      "engines": {
        "node": ">=20"
      }
    },
    "node_modules/cpu-features": {
      "version": "0.0.10",
      "resolved": "https://registry.npmjs.org/cpu-features/-/cpu-features-0.0.10.tgz",
      "integrity": "sha512-9IkYqtX3YHPCzoVg1Py+o9057a3i0fp7S530UWokCSaFVTc7CwXPRiOjRjBQQ18ZCNafx78YfnG+HALxtVmOGA==",
      "hasInstallScript": true,
      "optional": true,
      "dependencies": {
        "buildcheck": "~0.0.6",
        "nan": "^2.19.0"
      },
      "engines": {
        "node": ">=10.0.0"
      }
    },
    "node_modules/nan": {
      "version": "2.27.0",
      "resolved": "https://registry.npmjs.org/nan/-/nan-2.27.0.tgz",
      "integrity": "sha512-hC+0LidcL3XE4rp1C4H54KujgXKzbfyTngZTwBByQxsOxCEKZT0MPQ4hOKUH2jU1OYstqdDH4onyHPDzcV0XdQ==",
      "license": "MIT",
      "optional": true
    },
    "node_modules/node-forge": {
      "version": "1.4.0",
      "resolved": "https://registry.npmjs.org/node-forge/-/node-forge-1.4.0.tgz",
      "integrity": "sha512-LarFH0+6VfriEhqMMcLX2F7SwSXeWwnEAJEsYm5QKWchiVYVvJyV9v7UDvUv+w5HO23ZpQTXDv/GxdDdMyOuoQ==",
      "license": "(BSD-3-Clause OR GPL-2.0)",
      "engines": {
        "node": ">= 6.13.0"
      }
    },
    "node_modules/safer-buffer": {
      "version": "2.1.2",
      "resolved": "https://registry.npmjs.org/safer-buffer/-/safer-buffer-2.1.2.tgz",
      "integrity": "sha512-YZo3K82SD7Riyi0E1EQPojLz7kpepnSQI9IyPbHHg1XXXevb5dJI7tpyN2ADxGcQbHG7vcyRHk0cbwqcQriUtg==",
      "license": "MIT"
    },
    "node_modules/ssh2": {
      "version": "1.17.0",
      "resolved": "https://registry.npmjs.org/ssh2/-/ssh2-1.17.0.tgz",
      "integrity": "sha512-wPldCk3asibAjQ/kziWQQt1Wh3PgDFpC0XpwclzKcdT1vql6KeYxf5LIt4nlFkUeR8WuphYMKqUA56X4rjbfgQ==",
      "hasInstallScript": true,
      "dependencies": {
        "asn1": "^0.2.6",
        "bcrypt-pbkdf": "^1.0.2"
      },
      "engines": {
        "node": ">=10.16.0"
      },
      "optionalDependencies": {
        "cpu-features": "~0.0.10",
        "nan": "^2.23.0"
      }
    },
    "node_modules/tweetnacl": {
      "version": "0.14.5",
      "resolved": "https://registry.npmjs.org/tweetnacl/-/tweetnacl-0.14.5.tgz",
      "integrity": "sha512-KXXFFdAbFXY4geFIwoyNK+f5Z1b7swfXABfL7HXCmoIWMKU3dmS26672A4EeQtDzLKy7SXmfBu51JolvEKwtGA==",
      "license": "Unlicense"
    },
    "node_modules/undici": {
      "version": "6.27.0",
      "resolved": "https://registry.npmjs.org/undici/-/undici-6.27.0.tgz",
      "integrity": "sha512-YmfV3YnEDzXRC5lZ2jWtWWHKGUm1zIt8AhesR1tens+HTNv+YZlN/dp6G727LOvMJ8xjP9Be7Y2Sdr96LDm+pg==",
      "license": "MIT",
      "engines": {
        "node": ">=18.17"
      }
    }
  }
}
