{
    "_readme": [
        "This file locks the dependencies of your project to a known state",
        "Read more about it at https://getcomposer.org/doc/01-basic-usage.md#installing-dependencies",
        "This file is @generated automatically"
    ],
    "content-hash": "bc1b75edfd633b66a643bf24bb747496",
    "packages": [
        {
            "name": "caxy/php-htmldiff",
            "version": "v0.1.17",
            "source": {
                "type": "git",
                "url": "https://github.com/caxy/php-htmldiff.git",
                "reference": "194feb154e32f585dd2ca8ae6929a53abfcebf9e"
            },
            "dist": {
                "type": "zip",
                "url": "https://api.github.com/repos/caxy/php-htmldiff/zipball/194feb154e32f585dd2ca8ae6929a53abfcebf9e",
                "reference": "194feb154e32f585dd2ca8ae6929a53abfcebf9e",
                "shasum": ""
            },
            "require": {
                "ext-dom": "*",
                "ext-mbstring": "*",
                "ezyang/htmlpurifier": "^4.7",
                "php": ">=7.3"
            },
            "require-dev": {
                "doctrine/cache": "~1.0",
                "phpunit/phpunit": "~9.0"
            },
            "suggest": {
                "doctrine/cache": "Used for caching the calculated diffs using a Doctrine Cache Provider"
            },
            "type": "library",
            "extra": {
                "branch-alias": {
                    "dev-master": "0.1.x-dev"
                }
            },
            "autoload": {
                "psr-0": {
                    "Caxy\\HtmlDiff": "lib/"
                }
            },
            "notification-url": "https://packagist.org/downloads/",
            "license": [
                "GPL-2.0"
            ],
            "authors": [
                {
                    "name": "Josh Schroeder",
                    "email": "jschroeder@caxy.com",
                    "homepage": "http://www.caxy.com"
                }
            ],
            "description": "A library for comparing two HTML files/snippets and highlighting the differences using simple HTML.",
            "homepage": "https://github.com/caxy/php-htmldiff",
            "keywords": [
                "diff",
                "html"
            ],
            "support": {
                "issues": "https://github.com/caxy/php-htmldiff/issues",
                "source": "https://github.com/caxy/php-htmldiff/tree/v0.1.17"
            },
            "time": "2025-05-16T17:04:33+00:00"
        },
        {
            "name": "ezyang/htmlpurifier",
            "version": "v4.19.0",
            "source": {
                "type": "git",
                "url": "https://github.com/ezyang/htmlpurifier.git",
                "reference": "b287d2a16aceffbf6e0295559b39662612b77fcf"
            },
            "dist": {
                "type": "zip",
                "url": "https://api.github.com/repos/ezyang/htmlpurifier/zipball/b287d2a16aceffbf6e0295559b39662612b77fcf",
                "reference": "b287d2a16aceffbf6e0295559b39662612b77fcf",
                "shasum": ""
            },
            "require": {
                "php": "~5.6.0 || ~7.0.0 || ~7.1.0 || ~7.2.0 || ~7.3.0 || ~7.4.0 || ~8.0.0 || ~8.1.0 || ~8.2.0 || ~8.3.0 || ~8.4.0 || ~8.5.0"
            },
            "require-dev": {
                "cerdic/css-tidy": "^1.7 || ^2.0",
                "simpletest/simpletest": "dev-master"
            },
            "suggest": {
                "cerdic/css-tidy": "If you want to use the filter 'Filter.ExtractStyleBlocks'.",
                "ext-bcmath": "Used for unit conversion and imagecrash protection",
                "ext-iconv": "Converts text to and from non-UTF-8 encodings",
                "ext-tidy": "Used for pretty-printing HTML"
            },
            "type": "library",
            "autoload": {
                "files": [
                    "library/HTMLPurifier.composer.php"
                ],
                "psr-0": {
                    "HTMLPurifier": "library/"
                },
                "exclude-from-classmap": [
                    "/library/HTMLPurifier/Language/"
                ]
            },
            "notification-url": "https://packagist.org/downloads/",
            "license": [
                "LGPL-2.1-or-later"
            ],
            "authors": [
                {
                    "name": "Edward Z. Yang",
                    "email": "admin@htmlpurifier.org",
                    "homepage": "http://ezyang.com"
                }
            ],
            "description": "Standards compliant HTML filter written in PHP",
            "homepage": "http://htmlpurifier.org/",
            "keywords": [
                "html"
            ],
            "support": {
                "issues": "https://github.com/ezyang/htmlpurifier/issues",
                "source": "https://github.com/ezyang/htmlpurifier/tree/v4.19.0"
            },
            "time": "2025-10-17T16:34:55+00:00"
        },
        {
            "name": "kolab/libcalendaring",
            "version": "3.6.1",
            "source": {
                "type": "git",
                "url": "https://github.com/kolab-roundcube-plugins-mirror/libcalendaring.git",
                "reference": "6b1e06adfb0a89878afd8f9318e3217e432982e8"
            },
            "dist": {
                "type": "zip",
                "url": "https://api.github.com/repos/kolab-roundcube-plugins-mirror/libcalendaring/zipball/6b1e06adfb0a89878afd8f9318e3217e432982e8",
                "reference": "6b1e06adfb0a89878afd8f9318e3217e432982e8",
                "shasum": ""
            },
            "require": {
                "php": ">=7.2.0",
                "roundcube/plugin-installer": ">=0.1.3",
                "sabre/vobject": "~4.5.1"
            },
            "type": "roundcube-plugin",
            "notification-url": "https://packagist.org/downloads/",
            "license": [
                "AGPLv3"
            ],
            "authors": [
                {
                    "name": "Thomas Bruederli",
                    "email": "bruederli@kolabsys.com",
                    "role": "Lead"
                },
                {
                    "name": "Aleksander Machniak",
                    "email": "machniak@kolabsys.com",
                    "role": "Developer"
                }
            ],
            "description": "Library providing common functions for calendaring plugins",
            "homepage": "https://git.kolab.org/diffusion/RPK/",
            "support": {
                "source": "https://github.com/kolab-roundcube-plugins-mirror/libcalendaring/tree/3.6.1"
            },
            "time": "2025-09-21T08:58:51+00:00"
        },
        {
            "name": "kolab/libkolab",
            "version": "3.6.1",
            "source": {
                "type": "git",
                "url": "https://github.com/kolab-roundcube-plugins-mirror/libkolab.git",
                "reference": "979f679b1ca3734714e34276202d7e34f0c5742d"
            },
            "dist": {
                "type": "zip",
                "url": "https://api.github.com/repos/kolab-roundcube-plugins-mirror/libkolab/zipball/979f679b1ca3734714e34276202d7e34f0c5742d",
                "reference": "979f679b1ca3734714e34276202d7e34f0c5742d",
                "shasum": ""
            },
            "require": {
                "caxy/php-htmldiff": "~0.1",
                "kolab/libcalendaring": ">=3.4.0",
                "lolli42/finediff": "~1.0.3",
                "pear/http_request2": "~2.5.0",
                "php": ">=7.2.0",
                "roundcube/plugin-installer": ">=0.1.3"
            },
            "type": "roundcube-plugin",
            "extra": {
                "roundcube": {
                    "sql-dir": "SQL",
                    "min-version": "1.6.0"
                }
            },
            "notification-url": "https://packagist.org/downloads/",
            "license": [
                "AGPLv3"
            ],
            "authors": [
                {
                    "name": "Thomas Bruederli",
                    "email": "bruederli@kolabsys.com",
                    "role": "Lead"
                },
                {
                    "name": "Aleksander Machniak",
                    "email": "machniak@kolabsys.com",
                    "role": "Developer"
                }
            ],
            "description": "Plugin to setup a basic environment for the interaction with a Kolab server.",
            "homepage": "https://git.kolab.org/diffusion/RPK/",
            "support": {
                "issues": "https://github.com/kolab-roundcube-plugins-mirror/libkolab/issues",
                "source": "https://github.com/kolab-roundcube-plugins-mirror/libkolab/tree/3.6.1"
            },
            "time": "2025-09-21T09:01:53+00:00"
        },
        {
            "name": "lolli42/finediff",
            "version": "1.0.4",
            "source": {
                "type": "git",
                "url": "https://github.com/lolli42/FineDiff.git",
                "reference": "807deaf7aa119cf47b58e90ba7bf37c8c8264c7a"
            },
            "dist": {
                "type": "zip",
                "url": "https://api.github.com/repos/lolli42/FineDiff/zipball/807deaf7aa119cf47b58e90ba7bf37c8c8264c7a",
                "reference": "807deaf7aa119cf47b58e90ba7bf37c8c8264c7a",
                "shasum": ""
            },
            "require": {
                "php": ">=7.2.0",
                "symfony/polyfill-mbstring": "^1.23"
            },
            "replace": {
                "cogpowered/finediff": "*"
            },
            "require-dev": {
                "friendsofphp/php-cs-fixer": "^3.4",
                "phpstan/phpstan": "^1.9.14",
                "phpunit/phpunit": "^8.5.33 || ^9.6.11 || ^10.3.2"
            },
            "type": "library",
            "autoload": {
                "psr-4": {
                    "cogpowered\\FineDiff\\": "src/"
                }
            },
            "notification-url": "https://packagist.org/downloads/",
            "license": [
                "MIT"
            ],
            "authors": [
                {
                    "name": "Raymond Hill"
                },
                {
                    "name": "Rob Crowe",
                    "email": "rob@cogpowered.com"
                },
                {
                    "name": "Christian Kuhn",
                    "email": "lolli@schwarzbu.ch",
                    "role": "maintainer"
                }
            ],
            "description": "PHP implementation of a Fine granularity Diff engine",
            "homepage": "https://github.com/lolli42/FineDiff",
            "keywords": [
                "diff",
                "finediff",
                "opcode",
                "string",
                "text"
            ],
            "support": {
                "issues": "https://github.com/lolli42/FineDiff/issues",
                "source": "https://github.com/lolli42/FineDiff/tree/1.0.4"
            },
            "time": "2024-07-09T14:52:10+00:00"
        },
        {
            "name": "pear/http_request2",
            "version": "v2.5.1",
            "source": {
                "type": "git",
                "url": "https://github.com/pear/HTTP_Request2.git",
                "reference": "db4ce7844f838d3adca0513a77420c0fec22ed2d"
            },
            "dist": {
                "type": "zip",
                "url": "https://api.github.com/repos/pear/HTTP_Request2/zipball/db4ce7844f838d3adca0513a77420c0fec22ed2d",
                "reference": "db4ce7844f838d3adca0513a77420c0fec22ed2d",
                "shasum": ""
            },
            "require": {
                "pear/net_url2": "^2.2.0",
                "pear/pear_exception": "^1.0.0",
                "php": ">=5.6.0"
            },
            "require-dev": {
                "yoast/phpunit-polyfills": "^1.0.0"
            },
            "suggest": {
                "ext-curl": "Allows using cURL as a request backend.",
                "ext-fileinfo": "Adds support for looking up mime-types using finfo.",
                "ext-openssl": "Allows handling SSL requests when not using cURL.",
                "ext-zlib": "Allows handling gzip compressed responses."
            },
            "type": "library",
            "autoload": {
                "psr-0": {
                    "HTTP_Request2": ""
                }
            },
            "notification-url": "https://packagist.org/downloads/",
            "license": [
                "BSD-3-Clause"
            ],
            "authors": [
                {
                    "name": "Alexey Borzov",
                    "email": "avb@php.net"
                }
            ],
            "description": "Provides an easy way to perform HTTP requests.",
            "homepage": "https://pear.php.net/package/HTTP_Request2",
            "keywords": [
                "PEAR",
                "curl",
                "http",
                "request"
            ],
            "support": {
                "docs": "https://pear.php.net/manual/en/package.http.http-request2.php",
                "issues": "https://github.com/pear/HTTP_Request2/issues",
                "source": "https://github.com/pear/HTTP_Request2"
            },
            "time": "2022-01-06T18:20:25+00:00"
        },
        {
            "name": "pear/net_url2",
            "version": "v2.2.3",
            "source": {
                "type": "git",
                "url": "https://github.com/pear/Net_URL2.git",
                "reference": "c1f2b316ed9b05e881cdb494f7550ddf817c76c8"
            },
            "dist": {
                "type": "zip",
                "url": "https://api.github.com/repos/pear/Net_URL2/zipball/c1f2b316ed9b05e881cdb494f7550ddf817c76c8",
                "reference": "c1f2b316ed9b05e881cdb494f7550ddf817c76c8",
                "shasum": ""
            },
            "require": {
                "php": ">=5.1.4"
            },
            "require-dev": {
                "phpunit/phpunit": ">=3.3.0"
            },
            "type": "library",
            "extra": {
                "branch-alias": {
                    "dev-master": "2.2.x-dev"
                }
            },
            "autoload": {
                "classmap": [
                    "Net/URL2.php"
                ]
            },
            "notification-url": "https://packagist.org/downloads/",
            "include-path": [
                "./"
            ],
            "license": [
                "BSD-3-Clause"
            ],
            "authors": [
                {
                    "name": "Tom Klingenberg",
                    "email": "tkli@php.net"
                },
                {
                    "name": "David Coallier",
                    "email": "davidc@php.net"
                },
                {
                    "name": "Christian Schmidt",
                    "email": "chmidt@php.net"
                }
            ],
            "description": "Class for parsing and handling URL. Provides parsing of URLs into their constituent parts (scheme, host, path etc.), URL generation, and resolving of relative URLs.",
            "homepage": "https://github.com/pear/Net_URL2",
            "keywords": [
                "PEAR",
                "net",
                "networking",
                "rfc3986",
                "uri",
                "url"
            ],
            "support": {
                "issues": "https://pear.php.net/bugs/search.php?cmd=display&package_name[]=Net_URL2",
                "source": "https://github.com/pear/Net_URL2"
            },
            "time": "2025-03-24T08:03:00+00:00"
        },
        {
            "name": "pear/pear_exception",
            "version": "v1.0.2",
            "source": {
                "type": "git",
                "url": "https://github.com/pear/PEAR_Exception.git",
                "reference": "b14fbe2ddb0b9f94f5b24cf08783d599f776fff0"
            },
            "dist": {
                "type": "zip",
                "url": "https://api.github.com/repos/pear/PEAR_Exception/zipball/b14fbe2ddb0b9f94f5b24cf08783d599f776fff0",
                "reference": "b14fbe2ddb0b9f94f5b24cf08783d599f776fff0",
                "shasum": ""
            },
            "require": {
                "php": ">=5.2.0"
            },
            "require-dev": {
                "phpunit/phpunit": "<9"
            },
            "type": "class",
            "extra": {
                "branch-alias": {
                    "dev-master": "1.0.x-dev"
                }
            },
            "autoload": {
                "classmap": [
                    "PEAR/"
                ]
            },
            "notification-url": "https://packagist.org/downloads/",
            "include-path": [
                "."
            ],
            "license": [
                "BSD-2-Clause"
            ],
            "authors": [
                {
                    "name": "Helgi Thormar",
                    "email": "dufuz@php.net"
                },
                {
                    "name": "Greg Beaver",
                    "email": "cellog@php.net"
                }
            ],
            "description": "The PEAR Exception base class.",
            "homepage": "https://github.com/pear/PEAR_Exception",
            "keywords": [
                "exception"
            ],
            "support": {
                "issues": "http://pear.php.net/bugs/search.php?cmd=display&package_name[]=PEAR_Exception",
                "source": "https://github.com/pear/PEAR_Exception"
            },
            "time": "2021-03-21T15:43:46+00:00"
        },
        {
            "name": "roundcube/plugin-installer",
            "version": "0.3.2",
            "source": {
                "type": "git",
                "url": "https://github.com/roundcube/plugin-installer.git",
                "reference": "c4335e20b86cfe3a184ccf24d675c6a0338a372a"
            },
            "dist": {
                "type": "zip",
                "url": "https://api.github.com/repos/roundcube/plugin-installer/zipball/c4335e20b86cfe3a184ccf24d675c6a0338a372a",
                "reference": "c4335e20b86cfe3a184ccf24d675c6a0338a372a",
                "shasum": ""
            },
            "require": {
                "composer-plugin-api": "^1.0 || ^2.0"
            },
            "require-dev": {
                "composer/composer": "*"
            },
            "type": "composer-plugin",
            "extra": {
                "class": [
                    "Roundcube\\Composer\\RoundcubeInstaller"
                ]
            },
            "autoload": {
                "psr-0": {
                    "Roundcube\\Composer": "src/"
                }
            },
            "notification-url": "https://packagist.org/downloads/",
            "license": [
                "GPL-3.0+"
            ],
            "authors": [
                {
                    "name": "Thomas Bruederli",
                    "email": "thomas@roundcube.net"
                },
                {
                    "name": "Till Klampaeckel",
                    "email": "till@php.net"
                },
                {
                    "name": "Philip Weir",
                    "email": "roundcube@tehinterweb.co.uk"
                }
            ],
            "description": "A composer-installer for Roundcube plugins and skins.",
            "support": {
                "issues": "https://github.com/roundcube/plugin-installer/issues",
                "source": "https://github.com/roundcube/plugin-installer/tree/0.3.2"
            },
            "time": "2022-06-24T09:08:18+00:00"
        },
        {
            "name": "sabre/uri",
            "version": "3.0.2",
            "source": {
                "type": "git",
                "url": "https://github.com/sabre-io/uri.git",
                "reference": "38eeab6ed9eec435a2188db489d4649c56272c51"
            },
            "dist": {
                "type": "zip",
                "url": "https://api.github.com/repos/sabre-io/uri/zipball/38eeab6ed9eec435a2188db489d4649c56272c51",
                "reference": "38eeab6ed9eec435a2188db489d4649c56272c51",
                "shasum": ""
            },
            "require": {
                "php": "^7.4 || ^8.0"
            },
            "require-dev": {
                "friendsofphp/php-cs-fixer": "^3.64",
                "phpstan/extension-installer": "^1.4",
                "phpstan/phpstan": "^1.12",
                "phpstan/phpstan-phpunit": "^1.4",
                "phpstan/phpstan-strict-rules": "^1.6",
                "phpunit/phpunit": "^9.6"
            },
            "type": "library",
            "autoload": {
                "files": [
                    "lib/functions.php"
                ],
                "psr-4": {
                    "Sabre\\Uri\\": "lib/"
                }
            },
            "notification-url": "https://packagist.org/downloads/",
            "license": [
                "BSD-3-Clause"
            ],
            "authors": [
                {
                    "name": "Evert Pot",
                    "email": "me@evertpot.com",
                    "homepage": "http://evertpot.com/",
                    "role": "Developer"
                }
            ],
            "description": "Functions for making sense out of URIs.",
            "homepage": "http://sabre.io/uri/",
            "keywords": [
                "rfc3986",
                "uri",
                "url"
            ],
            "support": {
                "forum": "https://groups.google.com/group/sabredav-discuss",
                "issues": "https://github.com/sabre-io/uri/issues",
                "source": "https://github.com/fruux/sabre-uri"
            },
            "time": "2024-09-04T15:30:08+00:00"
        },
        {
            "name": "sabre/vobject",
            "version": "4.5.7",
            "source": {
                "type": "git",
                "url": "https://github.com/sabre-io/vobject.git",
                "reference": "ff22611a53782e90c97be0d0bc4a5f98a5c0a12c"
            },
            "dist": {
                "type": "zip",
                "url": "https://api.github.com/repos/sabre-io/vobject/zipball/ff22611a53782e90c97be0d0bc4a5f98a5c0a12c",
                "reference": "ff22611a53782e90c97be0d0bc4a5f98a5c0a12c",
                "shasum": ""
            },
            "require": {
                "ext-mbstring": "*",
                "php": "^7.1 || ^8.0",
                "sabre/xml": "^2.1 || ^3.0 || ^4.0"
            },
            "require-dev": {
                "friendsofphp/php-cs-fixer": "~2.17.1",
                "phpstan/phpstan": "^0.12 || ^1.12 || ^2.0",
                "phpunit/php-invoker": "^2.0 || ^3.1",
                "phpunit/phpunit": "^7.5 || ^8.5 || ^9.6"
            },
            "suggest": {
                "hoa/bench": "If you would like to run the benchmark scripts"
            },
            "bin": [
                "bin/vobject",
                "bin/generate_vcards"
            ],
            "type": "library",
            "extra": {
                "branch-alias": {
                    "dev-master": "4.0.x-dev"
                }
            },
            "autoload": {
                "psr-4": {
                    "Sabre\\VObject\\": "lib/"
                }
            },
            "notification-url": "https://packagist.org/downloads/",
            "license": [
                "BSD-3-Clause"
            ],
            "authors": [
                {
                    "name": "Evert Pot",
                    "email": "me@evertpot.com",
                    "homepage": "http://evertpot.com/",
                    "role": "Developer"
                },
                {
                    "name": "Dominik Tobschall",
                    "email": "dominik@fruux.com",
                    "homepage": "http://tobschall.de/",
                    "role": "Developer"
                },
                {
                    "name": "Ivan Enderlin",
                    "email": "ivan.enderlin@hoa-project.net",
                    "homepage": "http://mnt.io/",
                    "role": "Developer"
                }
            ],
            "description": "The VObject library for PHP allows you to easily parse and manipulate iCalendar and vCard objects",
            "homepage": "http://sabre.io/vobject/",
            "keywords": [
                "availability",
                "freebusy",
                "iCalendar",
                "ical",
                "ics",
                "jCal",
                "jCard",
                "recurrence",
                "rfc2425",
                "rfc2426",
                "rfc2739",
                "rfc4770",
                "rfc5545",
                "rfc5546",
                "rfc6321",
                "rfc6350",
                "rfc6351",
                "rfc6474",
                "rfc6638",
                "rfc6715",
                "rfc6868",
                "vCalendar",
                "vCard",
                "vcf",
                "xCal",
                "xCard"
            ],
            "support": {
                "forum": "https://groups.google.com/group/sabredav-discuss",
                "issues": "https://github.com/sabre-io/vobject/issues",
                "source": "https://github.com/fruux/sabre-vobject"
            },
            "time": "2025-04-17T09:22:48+00:00"
        },
        {
            "name": "sabre/xml",
            "version": "4.0.6",
            "source": {
                "type": "git",
                "url": "https://github.com/sabre-io/xml.git",
                "reference": "a89257fd188ce30e456b841b6915f27905dfdbe3"
            },
            "dist": {
                "type": "zip",
                "url": "https://api.github.com/repos/sabre-io/xml/zipball/a89257fd188ce30e456b841b6915f27905dfdbe3",
                "reference": "a89257fd188ce30e456b841b6915f27905dfdbe3",
                "shasum": ""
            },
            "require": {
                "ext-dom": "*",
                "ext-xmlreader": "*",
                "ext-xmlwriter": "*",
                "lib-libxml": ">=2.6.20",
                "php": "^7.4 || ^8.0",
                "sabre/uri": ">=2.0,<4.0.0"
            },
            "require-dev": {
                "friendsofphp/php-cs-fixer": "^3.64",
                "phpstan/phpstan": "^1.12",
                "phpunit/phpunit": "^9.6"
            },
            "type": "library",
            "autoload": {
                "files": [
                    "lib/Deserializer/functions.php",
                    "lib/Serializer/functions.php"
                ],
                "psr-4": {
                    "Sabre\\Xml\\": "lib/"
                }
            },
            "notification-url": "https://packagist.org/downloads/",
            "license": [
                "BSD-3-Clause"
            ],
            "authors": [
                {
                    "name": "Evert Pot",
                    "email": "me@evertpot.com",
                    "homepage": "http://evertpot.com/",
                    "role": "Developer"
                },
                {
                    "name": "Markus Staab",
                    "email": "markus.staab@redaxo.de",
                    "role": "Developer"
                }
            ],
            "description": "sabre/xml is an XML library that you may not hate.",
            "homepage": "https://sabre.io/xml/",
            "keywords": [
                "XMLReader",
                "XMLWriter",
                "dom",
                "xml"
            ],
            "support": {
                "forum": "https://groups.google.com/group/sabredav-discuss",
                "issues": "https://github.com/sabre-io/xml/issues",
                "source": "https://github.com/fruux/sabre-xml"
            },
            "time": "2024-09-06T08:00:55+00:00"
        },
        {
            "name": "symfony/polyfill-mbstring",
            "version": "v1.33.0",
            "source": {
                "type": "git",
                "url": "https://github.com/symfony/polyfill-mbstring.git",
                "reference": "6d857f4d76bd4b343eac26d6b539585d2bc56493"
            },
            "dist": {
                "type": "zip",
                "url": "https://api.github.com/repos/symfony/polyfill-mbstring/zipball/6d857f4d76bd4b343eac26d6b539585d2bc56493",
                "reference": "6d857f4d76bd4b343eac26d6b539585d2bc56493",
                "shasum": ""
            },
            "require": {
                "ext-iconv": "*",
                "php": ">=7.2"
            },
            "provide": {
                "ext-mbstring": "*"
            },
            "suggest": {
                "ext-mbstring": "For best performance"
            },
            "type": "library",
            "extra": {
                "thanks": {
                    "url": "https://github.com/symfony/polyfill",
                    "name": "symfony/polyfill"
                }
            },
            "autoload": {
                "files": [
                    "bootstrap.php"
                ],
                "psr-4": {
                    "Symfony\\Polyfill\\Mbstring\\": ""
                }
            },
            "notification-url": "https://packagist.org/downloads/",
            "license": [
                "MIT"
            ],
            "authors": [
                {
                    "name": "Nicolas Grekas",
                    "email": "p@tchwork.com"
                },
                {
                    "name": "Symfony Community",
                    "homepage": "https://symfony.com/contributors"
                }
            ],
            "description": "Symfony polyfill for the Mbstring extension",
            "homepage": "https://symfony.com",
            "keywords": [
                "compatibility",
                "mbstring",
                "polyfill",
                "portable",
                "shim"
            ],
            "support": {
                "source": "https://github.com/symfony/polyfill-mbstring/tree/v1.33.0"
            },
            "funding": [
                {
                    "url": "https://symfony.com/sponsor",
                    "type": "custom"
                },
                {
                    "url": "https://github.com/fabpot",
                    "type": "github"
                },
                {
                    "url": "https://github.com/nicolas-grekas",
                    "type": "github"
                },
                {
                    "url": "https://tidelift.com/funding/github/packagist/symfony/symfony",
                    "type": "tidelift"
                }
            ],
            "time": "2024-12-23T08:48:59+00:00"
        }
    ],
    "packages-dev": [],
    "aliases": [],
    "minimum-stability": "stable",
    "stability-flags": {},
    "prefer-stable": false,
    "prefer-lowest": false,
    "platform": {
        "php": ">=7.2.0"
    },
    "platform-dev": {},
    "plugin-api-version": "2.6.0"
}
