{
  "nodes": {
    "hardware": {
      "locked": {
        "lastModified": 1628440507,
        "narHash": "sha256-xXnG0f3fuuCbBpiVuzsIOd59AMgTGNE0/tAhMV+oEHY=",
        "owner": "nixos",
        "repo": "nixos-hardware",
        "rev": "7da029f26849f8696ac49652312c9171bf9eb170",
        "type": "github"
      },
      "original": {
        "owner": "nixos",
        "ref": "master",
        "repo": "nixos-hardware",
        "type": "github"
      }
    },
    "home-manager": {
      "inputs": {
        "nixpkgs": "nixpkgs"
      },
      "locked": {
        "lastModified": 1628622820,
        "narHash": "sha256-YIbEo97dEsMIBdbS9vnnT2A+745iQEUsxvYz2RbC78Y=",
        "owner": "misterio77",
        "repo": "home-manager",
        "rev": "549968fc08d0cdf31c8cded220e1156a5cd7320e",
        "type": "github"
      },
      "original": {
        "owner": "misterio77",
        "ref": "personal",
        "repo": "home-manager",
        "type": "github"
      }
    },
    "impermanence": {
      "locked": {
        "lastModified": 1628522989,
        "narHash": "sha256-7GazTJyg11C8E7xn1zm52Ee+Gl6Vy6rS1x1fAWZtkEg=",
        "owner": "RiscadoA",
        "repo": "impermanence",
        "rev": "4cef52a4ab7faf2ea74c8d8ffc05f731421d0beb",
        "type": "github"
      },
      "original": {
        "owner": "RiscadoA",
        "repo": "impermanence",
        "type": "github"
      }
    },
    "nixpkgs": {
      "locked": {
        "lastModified": 1628626629,
        "narHash": "sha256-xU8I9dUGWaknWA6mRka/lxOJXNkYkdaAnEnLjbUAUuk=",
        "owner": "NixOS",
        "repo": "nixpkgs",
        "rev": "c792caaf60b8650a624ff539548d61649d790e03",
        "type": "github"
      },
      "original": {
        "id": "nixpkgs",
        "type": "indirect"
      }
    },
    "nixpkgs_2": {
      "locked": {
        "lastModified": 1628465643,
        "narHash": "sha256-QSNw9bDq9uGUniQQtakRuw4m21Jxugm23SXLVgEV4DM=",
        "owner": "nixos",
        "repo": "nixpkgs",
        "rev": "6ef4f522d63f22b40004319778761040d3197390",
        "type": "github"
      },
      "original": {
        "owner": "nixos",
        "ref": "nixos-unstable",
        "repo": "nixpkgs",
        "type": "github"
      }
    },
    "root": {
      "inputs": {
        "hardware": "hardware",
        "home-manager": "home-manager",
        "impermanence": "impermanence",
        "nixpkgs": "nixpkgs_2"
      }
    }
  },
  "root": "root",
  "version": 7
}
