[[package]]
name = "flake8"
version = "3.9.2"
description = "the modular source code checker: pep8 pyflakes and co"
category = "dev"
optional = false
python-versions = "!=3.0.*,!=3.1.*,!=3.2.*,!=3.3.*,!=3.4.*,>=2.7"

[package.dependencies]
mccabe = ">=0.6.0,<0.7.0"
pycodestyle = ">=2.7.0,<2.8.0"
pyflakes = ">=2.3.0,<2.4.0"

[[package]]
name = "flake8-annotations"
version = "2.7.0"
description = "Flake8 Type Annotation Checks"
category = "dev"
optional = false
python-versions = ">=3.6.2,<4.0.0"

[package.dependencies]
flake8 = ">=3.7,<5.0"

[[package]]
name = "jedi"
version = "0.18.0"
description = "An autocompletion tool for Python that can be used for text editors."
category = "dev"
optional = false
python-versions = ">=3.6"

[package.dependencies]
parso = ">=0.8.0,<0.9.0"

[package.extras]
qa = ["flake8 (==3.8.3)", "mypy (==0.782)"]
testing = ["Django (<3.1)", "colorama", "docopt", "pytest (<6.0.0)"]

[[package]]
name = "mccabe"
version = "0.6.1"
description = "McCabe checker, plugin for flake8"
category = "dev"
optional = false
python-versions = "*"

[[package]]
name = "parso"
version = "0.8.2"
description = "A Python Parser"
category = "dev"
optional = false
python-versions = ">=3.6"

[package.extras]
qa = ["flake8 (==3.8.3)", "mypy (==0.782)"]
testing = ["docopt", "pytest (<6.0.0)"]

[[package]]
name = "pluggy"
version = "1.0.0"
description = "plugin and hook calling mechanisms for python"
category = "dev"
optional = false
python-versions = ">=3.6"

[package.extras]
dev = ["pre-commit", "tox"]
testing = ["pytest", "pytest-benchmark"]

[[package]]
name = "pycodestyle"
version = "2.7.0"
description = "Python style guide checker"
category = "dev"
optional = false
python-versions = ">=2.7, !=3.0.*, !=3.1.*, !=3.2.*, !=3.3.*"

[[package]]
name = "pyflakes"
version = "2.3.1"
description = "passive checker of Python programs"
category = "dev"
optional = false
python-versions = ">=2.7, !=3.0.*, !=3.1.*, !=3.2.*, !=3.3.*"

[[package]]
name = "python-lsp-jsonrpc"
version = "1.0.0"
description = "JSON RPC 2.0 server library"
category = "dev"
optional = false
python-versions = "*"

[package.dependencies]
ujson = ">=3.0.0"

[package.extras]
test = ["pylint", "pycodestyle", "pyflakes", "pytest", "pytest-cov", "coverage"]

[[package]]
name = "python-lsp-server"
version = "1.2.4"
description = "Python Language Server for the Language Server Protocol"
category = "dev"
optional = false
python-versions = ">=3.6"

[package.dependencies]
jedi = ">=0.17.2,<0.19.0"
pluggy = "*"
python-lsp-jsonrpc = ">=1.0.0"
ujson = ">=3.0.0"

[package.extras]
all = ["autopep8", "flake8 (>=3.8.0,<4.0.0)", "mccabe (>=0.6.0,<0.7.0)", "pycodestyle (>=2.7.0)", "pydocstyle (>=2.0.0)", "pyflakes (>=2.3.0,<2.4.0)", "pylint (>=2.5.0,<2.10.0)", "rope (>=0.10.5)", "yapf"]
autopep8 = ["autopep8"]
flake8 = ["flake8 (>=3.8.0,<4.0.0)"]
mccabe = ["mccabe (>=0.6.0,<0.7.0)"]
pycodestyle = ["pycodestyle (>=2.7.0)"]
pydocstyle = ["pydocstyle (>=2.0.0)"]
pyflakes = ["pyflakes (>=2.3.0,<2.4.0)"]
pylint = ["pylint (>=2.5.0,<2.10.0)"]
rope = ["rope (>0.10.5)"]
test = ["pylint (>=2.5.0,<2.10.0)", "pytest", "pytest-cov", "coverage", "numpy", "pandas", "matplotlib", "pyqt5", "flaky"]
yapf = ["yapf"]

[[package]]
name = "ujson"
version = "4.2.0"
description = "Ultra fast JSON encoder and decoder for Python"
category = "dev"
optional = false
python-versions = ">=3.6"

[metadata]
lock-version = "1.1"
python-versions = "^3.8"
content-hash = "0e335bbe34cf17fd3efe83edf7c8b3ae0deb872807caae8cad1ea38f38da86f7"

[metadata.files]
flake8 = [
    {file = "flake8-3.9.2-py2.py3-none-any.whl", hash = "sha256:bf8fd333346d844f616e8d47905ef3a3384edae6b4e9beb0c5101e25e3110907"},
    {file = "flake8-3.9.2.tar.gz", hash = "sha256:07528381786f2a6237b061f6e96610a4167b226cb926e2aa2b6b1d78057c576b"},
]
flake8-annotations = [
    {file = "flake8-annotations-2.7.0.tar.gz", hash = "sha256:52e53c05b0c06cac1c2dec192ea2c36e85081238add3bd99421d56f574b9479b"},
    {file = "flake8_annotations-2.7.0-py3-none-any.whl", hash = "sha256:3edfbbfb58e404868834fe6ec3eaf49c139f64f0701259f707d043185545151e"},
]
jedi = [
    {file = "jedi-0.18.0-py2.py3-none-any.whl", hash = "sha256:18456d83f65f400ab0c2d3319e48520420ef43b23a086fdc05dff34132f0fb93"},
    {file = "jedi-0.18.0.tar.gz", hash = "sha256:92550a404bad8afed881a137ec9a461fed49eca661414be45059329614ed0707"},
]
mccabe = [
    {file = "mccabe-0.6.1-py2.py3-none-any.whl", hash = "sha256:ab8a6258860da4b6677da4bd2fe5dc2c659cff31b3ee4f7f5d64e79735b80d42"},
    {file = "mccabe-0.6.1.tar.gz", hash = "sha256:dd8d182285a0fe56bace7f45b5e7d1a6ebcbf524e8f3bd87eb0f125271b8831f"},
]
parso = [
    {file = "parso-0.8.2-py2.py3-none-any.whl", hash = "sha256:a8c4922db71e4fdb90e0d0bc6e50f9b273d3397925e5e60a717e719201778d22"},
    {file = "parso-0.8.2.tar.gz", hash = "sha256:12b83492c6239ce32ff5eed6d3639d6a536170723c6f3f1506869f1ace413398"},
]
pluggy = [
    {file = "pluggy-1.0.0-py2.py3-none-any.whl", hash = "sha256:74134bbf457f031a36d68416e1509f34bd5ccc019f0bcc952c7b909d06b37bd3"},
    {file = "pluggy-1.0.0.tar.gz", hash = "sha256:4224373bacce55f955a878bf9cfa763c1e360858e330072059e10bad68531159"},
]
pycodestyle = [
    {file = "pycodestyle-2.7.0-py2.py3-none-any.whl", hash = "sha256:514f76d918fcc0b55c6680472f0a37970994e07bbb80725808c17089be302068"},
    {file = "pycodestyle-2.7.0.tar.gz", hash = "sha256:c389c1d06bf7904078ca03399a4816f974a1d590090fecea0c63ec26ebaf1cef"},
]
pyflakes = [
    {file = "pyflakes-2.3.1-py2.py3-none-any.whl", hash = "sha256:7893783d01b8a89811dd72d7dfd4d84ff098e5eed95cfa8905b22bbffe52efc3"},
    {file = "pyflakes-2.3.1.tar.gz", hash = "sha256:f5bc8ecabc05bb9d291eb5203d6810b49040f6ff446a756326104746cc00c1db"},
]
python-lsp-jsonrpc = [
    {file = "python-lsp-jsonrpc-1.0.0.tar.gz", hash = "sha256:7bec170733db628d3506ea3a5288ff76aa33c70215ed223abdb0d95e957660bd"},
    {file = "python_lsp_jsonrpc-1.0.0-py3-none-any.whl", hash = "sha256:079b143be64b0a378bdb21dff5e28a8c1393fe7e8a654ef068322d754e545fc7"},
]
python-lsp-server = [
    {file = "python-lsp-server-1.2.4.tar.gz", hash = "sha256:007278c4419339bd3a61ca6d7eb8648ead28b5f1b9eba3b6bae8540046116335"},
    {file = "python_lsp_server-1.2.4-py3-none-any.whl", hash = "sha256:a163907c83ba7bae6b45a9bc9e407b7001fbed7c7561d032a5fd355ae6fae42c"},
]
ujson = [
    {file = "ujson-4.2.0-cp310-cp310-macosx_10_14_x86_64.whl", hash = "sha256:02f5a6acc5aa5b054c32bdccd17064c2cbd07c81b3a49449589a4552888f1961"},
    {file = "ujson-4.2.0-cp310-cp310-manylinux_2_17_aarch64.manylinux2014_aarch64.whl", hash = "sha256:e7c8cffd9e45248569fa576d19b043951a3edc67cbee3dca2a6b77e6998cb1ec"},
    {file = "ujson-4.2.0-cp310-cp310-manylinux_2_17_x86_64.manylinux2014_x86_64.whl", hash = "sha256:d0abc1526d32ebe2f2b6fefcf82b9ee8661da3f45ecac087beee6aeaa21b39ec"},
    {file = "ujson-4.2.0-cp310-cp310-manylinux_2_5_i686.manylinux1_i686.manylinux_2_17_i686.manylinux2014_i686.whl", hash = "sha256:26ebe3ac1e0d18d58e11dbf7cdd0459adcefd5c025ede99be7fceae47bd1bfc6"},
    {file = "ujson-4.2.0-cp310-cp310-musllinux_1_1_aarch64.whl", hash = "sha256:6e8c30186eaa4f982b9b56cad30b173b71aac9d6a393d97cbcbc4ca805e87943"},
    {file = "ujson-4.2.0-cp310-cp310-musllinux_1_1_x86_64.whl", hash = "sha256:0db1acd8dbbf120095ce4ab118585219066ea2860332df2385a435c585036cae"},
    {file = "ujson-4.2.0-cp310-cp310-win32.whl", hash = "sha256:68088596e237dcda862c1760d1feb2236a8cc36804507a9fcfaa3ed21442ff64"},
    {file = "ujson-4.2.0-cp310-cp310-win_amd64.whl", hash = "sha256:dd98d659365fb9271d9f9ba21160670ddfecb93deaec8a5350519a0ab3604654"},
    {file = "ujson-4.2.0-cp36-cp36m-macosx_10_14_x86_64.whl", hash = "sha256:42f8def3e44d880774f644b53b4701a46889a9506e3fdc191c314c9e2e9b2a38"},
    {file = "ujson-4.2.0-cp36-cp36m-manylinux_2_17_aarch64.manylinux2014_aarch64.whl", hash = "sha256:bc9e2e6933ecec17a7d351116f555caee84b798076a4c5276ab1e8654c83bd90"},
    {file = "ujson-4.2.0-cp36-cp36m-manylinux_2_17_x86_64.manylinux2014_x86_64.whl", hash = "sha256:adca402a97b8388c378d92c55b2bf4e8402baa5dfa059a85870a41e2f142a0d0"},
    {file = "ujson-4.2.0-cp36-cp36m-manylinux_2_5_i686.manylinux1_i686.manylinux_2_17_i686.manylinux2014_i686.whl", hash = "sha256:0076de81aadc287f025525969bbc1272703be92933e988e5663a76ec5863628f"},
    {file = "ujson-4.2.0-cp36-cp36m-musllinux_1_1_aarch64.whl", hash = "sha256:ff0ae4b1dc70c3362b04f4127e228b17e84946de611f85b32f565b990762deaf"},
    {file = "ujson-4.2.0-cp36-cp36m-musllinux_1_1_x86_64.whl", hash = "sha256:40235c3704ac7f29b24a7a785f856e1c45a567c8cd4b57a025f516733e358972"},
    {file = "ujson-4.2.0-cp36-cp36m-win32.whl", hash = "sha256:32f4340c8d6a34e7fa1f9447919ebd4b6256afef0965868d51ea3cdf0694a8f7"},
    {file = "ujson-4.2.0-cp36-cp36m-win_amd64.whl", hash = "sha256:bac42d0131740b6f1d2b6a15f770c1fef0db97d05aba8564f3c75bb59a9c91c7"},
    {file = "ujson-4.2.0-cp37-cp37m-macosx_10_14_x86_64.whl", hash = "sha256:0ebc82847938e417092fd463e593da39a280fd12585b998e435a2a45bb7a33f7"},
    {file = "ujson-4.2.0-cp37-cp37m-manylinux_2_17_aarch64.manylinux2014_aarch64.whl", hash = "sha256:6bccfff9910fbe3dae6a17ec080c48fca0bfe939b18e4b2622122109d4d2570d"},
    {file = "ujson-4.2.0-cp37-cp37m-manylinux_2_17_x86_64.manylinux2014_x86_64.whl", hash = "sha256:8ec19982b7a40fb526b8ffd6edfff2c5c10556a54416d554c4bc83b1e4140a4c"},
    {file = "ujson-4.2.0-cp37-cp37m-manylinux_2_5_i686.manylinux1_i686.manylinux_2_17_i686.manylinux2014_i686.whl", hash = "sha256:3697cae44a92c2264cf307d4cdd9ea436faa75a009d35a4097362a6bbf221a1b"},
    {file = "ujson-4.2.0-cp37-cp37m-musllinux_1_1_aarch64.whl", hash = "sha256:b55dde52028f3c426197b9a928618fbb2b548172eb45824ddb19cdcdf8e493f9"},
    {file = "ujson-4.2.0-cp37-cp37m-musllinux_1_1_x86_64.whl", hash = "sha256:d9a0252da73d8b69de60811252cbfde215d76ee6eea935a519e223353352026c"},
    {file = "ujson-4.2.0-cp37-cp37m-win32.whl", hash = "sha256:a6e27ff0f92c719de004b806d84f471fff0157679e57517092b8f89345eb3a79"},
    {file = "ujson-4.2.0-cp37-cp37m-win_amd64.whl", hash = "sha256:50f413177206373b3568dff28c091b2d8c9145e5e54b0a524d3823293d7a29b8"},
    {file = "ujson-4.2.0-cp38-cp38-macosx_10_14_x86_64.whl", hash = "sha256:944dfdfae0cb4e4274a23e5070be913f7ff8f05666d8d143f2356cf873f9a77a"},
    {file = "ujson-4.2.0-cp38-cp38-manylinux_2_17_aarch64.manylinux2014_aarch64.whl", hash = "sha256:50ddff58727cc4f90ade4c818884c4f0fbeeb1f78f764ab2b2bc89cf1f4db126"},
    {file = "ujson-4.2.0-cp38-cp38-manylinux_2_17_x86_64.manylinux2014_x86_64.whl", hash = "sha256:78f8da27231b20d589319f743bd65011862691c102922be85c9f27e40656a0f7"},
    {file = "ujson-4.2.0-cp38-cp38-manylinux_2_5_i686.manylinux1_i686.manylinux_2_17_i686.manylinux2014_i686.whl", hash = "sha256:99322e08e53580867c9909637747343354b7028a8208dc5df3d09233c8f52c30"},
    {file = "ujson-4.2.0-cp38-cp38-musllinux_1_1_aarch64.whl", hash = "sha256:5f863b12d27867b733d380a9878fc8c3ad11d3aea8a3650c33e7a8c2a888e1eb"},
    {file = "ujson-4.2.0-cp38-cp38-musllinux_1_1_x86_64.whl", hash = "sha256:c53653a12f6ce67b12e7806c190cce1db09c75de31212a5a9adbdbd7a2aba116"},
    {file = "ujson-4.2.0-cp38-cp38-win32.whl", hash = "sha256:c9723a5e2743ded9bc6106cb04f86244dd779ad847d8ac189cfe808ab16946c1"},
    {file = "ujson-4.2.0-cp38-cp38-win_amd64.whl", hash = "sha256:fae1e251d9f9362ebc4adbbb252d0f4a023f66f180390624826fcb1812b808e9"},
    {file = "ujson-4.2.0-cp39-cp39-macosx_10_14_x86_64.whl", hash = "sha256:ab70a29914fc202f7c8f6353bb0622b91f878e2892e57a4c7293b341d5a85133"},
    {file = "ujson-4.2.0-cp39-cp39-manylinux_2_17_aarch64.manylinux2014_aarch64.whl", hash = "sha256:cf272e6302c62a42ed0125efcc1d891dd909bcfb3c6aa075d89de209b2b8e930"},
    {file = "ujson-4.2.0-cp39-cp39-manylinux_2_17_x86_64.manylinux2014_x86_64.whl", hash = "sha256:6182898d7031d083017f9be47c6d57f9c2155d9f4391b77ed6c020cab8e5a471"},
    {file = "ujson-4.2.0-cp39-cp39-manylinux_2_5_i686.manylinux1_i686.manylinux_2_17_i686.manylinux2014_i686.whl", hash = "sha256:5a885675252e041e19cb92ff76419251fdd1ab4c2ca9766cb3ecfa6ae07884d2"},
    {file = "ujson-4.2.0-cp39-cp39-musllinux_1_1_aarch64.whl", hash = "sha256:535f1e5b336f7a0573da59bd9352e9cc6a93185bf4b1d96fb3379e07b4fc619a"},
    {file = "ujson-4.2.0-cp39-cp39-musllinux_1_1_x86_64.whl", hash = "sha256:26e299caa9bfc2e532e16de38de2af48cde48258922cda5efc0dd447d42692fc"},
    {file = "ujson-4.2.0-cp39-cp39-win32.whl", hash = "sha256:fa68b25c987b73fb1c83ece34e52856c2c6da3031384f72638696c56fa8baca9"},
    {file = "ujson-4.2.0-cp39-cp39-win_amd64.whl", hash = "sha256:c7b2643b063f33e5e0d539cf2811793a7df9da525e63483f70c9262a343bd59d"},
    {file = "ujson-4.2.0-pp37-pypy37_pp73-manylinux_2_17_aarch64.manylinux2014_aarch64.whl", hash = "sha256:0d61ae7a505105a16220a4282dbd552bef76968203e5e4f5edfdbb03d3159e3a"},
    {file = "ujson-4.2.0-pp37-pypy37_pp73-manylinux_2_17_x86_64.manylinux2014_x86_64.whl", hash = "sha256:bff484c162bd77877bc9ae6333b0a684493037ce3c5d8b664e8339becf9ad139"},
    {file = "ujson-4.2.0-pp37-pypy37_pp73-manylinux_2_5_i686.manylinux1_i686.manylinux_2_17_i686.manylinux2014_i686.whl", hash = "sha256:74961587e9c1682d3e04fe29e02b67ec9c88cb0c3406ad94cc617d04c6fa6db2"},
    {file = "ujson-4.2.0.tar.gz", hash = "sha256:fffe509f556861c7343c6cba57ed05fe7bcf4b48a934a5b946ccb45428cf8883"},
]
