{
  "name": "foo-bar",
  "version": "0.1.0",
  "lockfileVersion": 3,
  "requires": true,
  "packages": {
    "": {
      "name": "foo-bar",
      "version": "0.1.0",
      "license": "MIT",
      "bin": {
        "foo-bar": "build/index.js"
      },
      "devDependencies": {
        "@types/node": "^20.1.2",
        "typescript": "^5.0.4",
        "typescript-language-server": "^3.3.2"
      }
    },
    "node_modules/@types/node": {
      "version": "20.1.2",
      "resolved": "https://registry.npmjs.org/@types/node/-/node-20.1.2.tgz",
      "integrity": "sha512-CTO/wa8x+rZU626cL2BlbCDzydgnFNgc19h4YvizpTO88MFQxab8wqisxaofQJ/9bLGugRdWIuX/TbIs6VVF6g==",
      "dev": true
    },
    "node_modules/typescript": {
      "version": "5.0.4",
      "resolved": "https://registry.npmjs.org/typescript/-/typescript-5.0.4.tgz",
      "integrity": "sha512-cW9T5W9xY37cc+jfEnaUvX91foxtHkza3Nw3wkoF4sSlKn0MONdkdEndig/qPBWXNkmplh3NzayQzCiHM4/hqw==",
      "dev": true,
      "bin": {
        "tsc": "bin/tsc",
        "tsserver": "bin/tsserver"
      },
      "engines": {
        "node": ">=12.20"
      }
    },
    "node_modules/typescript-language-server": {
      "version": "3.3.2",
      "resolved": "https://registry.npmjs.org/typescript-language-server/-/typescript-language-server-3.3.2.tgz",
      "integrity": "sha512-jzun53CIkTbpAki0nP+hk5baGW+86SNNlVhyIj2ZUy45zUkCnmoetWuAtfRRQYrlIr8x4QB3ymGJPuwDQSd/ew==",
      "dev": true,
      "bin": {
        "typescript-language-server": "lib/cli.mjs"
      },
      "engines": {
        "node": ">=14.17"
      }
    }
  }
}
